
Microsoft Visual Studio Solution File, Format Version 12.00
# Visual Studio Version 16
VisualStudioVersion = 16.0.31529.145
MinimumVisualStudioVersion = 10.0.40219.1
Project("{9A19103F-16F7-4668-BE54-9A1E7A4F7556}") = "Microsoft.AspNetCore.OData.Extensions.GraphQL", "ODataGraphQL\Microsoft.AspNetCore.OData.Extensions.GraphQL.csproj", "{57243CF7-53CD-46C1-900D-4D65B0E55BEA}"
EndProject
Project("{9A19103F-16F7-4668-BE54-9A1E7A4F7556}") = "GraphQLSample.Api", "GraphQLSample.Api\GraphQLSample.Api.csproj", "{D70FF939-8FF1-4341-A0F1-5355ACD77DE4}"
EndProject
Project("{9A19103F-16F7-4668-BE54-9A1E7A4F7556}") = "Microsoft.AspNetCore.OData.Extensions.Security", "ODataExtensionsSecurity\Microsoft.AspNetCore.OData.Extensions.Security.csproj", "{B8DB3661-BE49-4013-BA35-A42DBDD39261}"
EndProject
Project("{9A19103F-16F7-4668-BE54-9A1E7A4F7556}") = "GraphQLSample.Api.Dto", "GraphQLSample.Api.Dto\GraphQLSample.Api.Dto.csproj", "{A600713F-E1DA-4AFF-812D-E280360682F1}"
EndProject
Project("{FAE04EC0-301F-11D3-BF4B-00C04F79EFBC}") = "Microsoft.AspNetCore.OData.Extensions.GraphQL.Test", "Microsoft.AspNetCore.OData.Extensions.GraphQL.Test\Microsoft.AspNetCore.OData.Extensions.GraphQL.Test.csproj", "{E14536BD-62B2-4CFB-A387-57E67D3B5232}"
EndProject
Global
	GlobalSection(SolutionConfigurationPlatforms) = preSolution
		Debug|Any CPU = Debug|Any CPU
		Release|Any CPU = Release|Any CPU
	EndGlobalSection
	GlobalSection(ProjectConfigurationPlatforms) = postSolution
		{57243CF7-53CD-46C1-900D-4D65B0E55BEA}.Debug|Any CPU.ActiveCfg = Debug|Any CPU
		{57243CF7-53CD-46C1-900D-4D65B0E55BEA}.Debug|Any CPU.Build.0 = Debug|Any CPU
		{57243CF7-53CD-46C1-900D-4D65B0E55BEA}.Release|Any CPU.ActiveCfg = Release|Any CPU
		{57243CF7-53CD-46C1-900D-4D65B0E55BEA}.Release|Any CPU.Build.0 = Release|Any CPU
		{D70FF939-8FF1-4341-A0F1-5355ACD77DE4}.Debug|Any CPU.ActiveCfg = Debug|Any CPU
		{D70FF939-8FF1-4341-A0F1-5355ACD77DE4}.Debug|Any CPU.Build.0 = Debug|Any CPU
		{D70FF939-8FF1-4341-A0F1-5355ACD77DE4}.Release|Any CPU.ActiveCfg = Release|Any CPU
		{D70FF939-8FF1-4341-A0F1-5355ACD77DE4}.Release|Any CPU.Build.0 = Release|Any CPU
		{B8DB3661-BE49-4013-BA35-A42DBDD39261}.Debug|Any CPU.ActiveCfg = Debug|Any CPU
		{B8DB3661-BE49-4013-BA35-A42DBDD39261}.Debug|Any CPU.Build.0 = Debug|Any CPU
		{B8DB3661-BE49-4013-BA35-A42DBDD39261}.Release|Any CPU.ActiveCfg = Release|Any CPU
		{B8DB3661-BE49-4013-BA35-A42DBDD39261}.Release|Any CPU.Build.0 = Release|Any CPU
		{A600713F-E1DA-4AFF-812D-E280360682F1}.Debug|Any CPU.ActiveCfg = Debug|Any CPU
		{A600713F-E1DA-4AFF-812D-E280360682F1}.Debug|Any CPU.Build.0 = Debug|Any CPU
		{A600713F-E1DA-4AFF-812D-E280360682F1}.Release|Any CPU.ActiveCfg = Release|Any CPU
		{A600713F-E1DA-4AFF-812D-E280360682F1}.Release|Any CPU.Build.0 = Release|Any CPU
		{E14536BD-62B2-4CFB-A387-57E67D3B5232}.Debug|Any CPU.ActiveCfg = Debug|Any CPU
		{E14536BD-62B2-4CFB-A387-57E67D3B5232}.Debug|Any CPU.Build.0 = Debug|Any CPU
		{E14536BD-62B2-4CFB-A387-57E67D3B5232}.Release|Any CPU.ActiveCfg = Release|Any CPU
		{E14536BD-62B2-4CFB-A387-57E67D3B5232}.Release|Any CPU.Build.0 = Release|Any CPU
	EndGlobalSection
	GlobalSection(SolutionProperties) = preSolution
		HideSolutionNode = FALSE
	EndGlobalSection
	GlobalSection(ExtensibilityGlobals) = postSolution
		SolutionGuid = {26F37564-A11A-4A1A-AD4F-6271EDEF0C0B}
	EndGlobalSection
EndGlobal
