
Microsoft Visual Studio Solution File, Format Version 12.00
# Visual Studio Version 16
VisualStudioVersion = 16.0.31529.145
MinimumVisualStudioVersion = 10.0.40219.1
Project("{9A19103F-16F7-4668-BE54-9A1E7A4F7556}") = "GraphQLSample.Api", "examples\GraphQLSample.Api\GraphQLSample.Api.csproj", "{7CED0EAF-3197-4979-B69A-40D050F7FD1A}"
EndProject
Project("{9A19103F-16F7-4668-BE54-9A1E7A4F7556}") = "GraphQLSample.Api.Dto", "examples\GraphQLSample.Api.Dto\GraphQLSample.Api.Dto.csproj", "{A1C8A62D-8982-411B-B67C-6D7F74A35AD4}"
EndProject
Project("{2150E333-8FDC-42A3-9474-1A3956D46DE8}") = "examples", "examples", "{EACE4370-D8DE-4F89-BEE0-DC18948B2862}"
EndProject
Project("{9A19103F-16F7-4668-BE54-9A1E7A4F7556}") = "OData.Extensions.Graph", "src\OData.Extensions.Graph\OData.Extensions.Graph.csproj", "{29AC5E75-ED56-43D3-8769-EA1DA9E66971}"
EndProject
Project("{9A19103F-16F7-4668-BE54-9A1E7A4F7556}") = "OData.Extensions.Graph.Security", "src\OData.Extensions.Graph.Security\OData.Extensions.Graph.Security.csproj", "{9C7ADB36-5A27-4AD2-8B41-2EA5C3EDDB3A}"
EndProject
Project("{9A19103F-16F7-4668-BE54-9A1E7A4F7556}") = "OData.Extensions.Graph.Test", "src\OData.Extensions.Graph.Test\OData.Extensions.Graph.Test.csproj", "{271BC9B0-5312-403E-940A-D3BA34F2E38D}"
EndProject
Global
	GlobalSection(SolutionConfigurationPlatforms) = preSolution
		Debug|Any CPU = Debug|Any CPU
		Release|Any CPU = Release|Any CPU
	EndGlobalSection
	GlobalSection(ProjectConfigurationPlatforms) = postSolution
		{7CED0EAF-3197-4979-B69A-40D050F7FD1A}.Debug|Any CPU.ActiveCfg = Debug|Any CPU
		{7CED0EAF-3197-4979-B69A-40D050F7FD1A}.Debug|Any CPU.Build.0 = Debug|Any CPU
		{7CED0EAF-3197-4979-B69A-40D050F7FD1A}.Release|Any CPU.ActiveCfg = Release|Any CPU
		{7CED0EAF-3197-4979-B69A-40D050F7FD1A}.Release|Any CPU.Build.0 = Release|Any CPU
		{A1C8A62D-8982-411B-B67C-6D7F74A35AD4}.Debug|Any CPU.ActiveCfg = Debug|Any CPU
		{A1C8A62D-8982-411B-B67C-6D7F74A35AD4}.Debug|Any CPU.Build.0 = Debug|Any CPU
		{A1C8A62D-8982-411B-B67C-6D7F74A35AD4}.Release|Any CPU.ActiveCfg = Release|Any CPU
		{A1C8A62D-8982-411B-B67C-6D7F74A35AD4}.Release|Any CPU.Build.0 = Release|Any CPU
		{29AC5E75-ED56-43D3-8769-EA1DA9E66971}.Debug|Any CPU.ActiveCfg = Debug|Any CPU
		{29AC5E75-ED56-43D3-8769-EA1DA9E66971}.Debug|Any CPU.Build.0 = Debug|Any CPU
		{29AC5E75-ED56-43D3-8769-EA1DA9E66971}.Release|Any CPU.ActiveCfg = Release|Any CPU
		{29AC5E75-ED56-43D3-8769-EA1DA9E66971}.Release|Any CPU.Build.0 = Release|Any CPU
		{9C7ADB36-5A27-4AD2-8B41-2EA5C3EDDB3A}.Debug|Any CPU.ActiveCfg = Debug|Any CPU
		{9C7ADB36-5A27-4AD2-8B41-2EA5C3EDDB3A}.Debug|Any CPU.Build.0 = Debug|Any CPU
		{9C7ADB36-5A27-4AD2-8B41-2EA5C3EDDB3A}.Release|Any CPU.ActiveCfg = Release|Any CPU
		{9C7ADB36-5A27-4AD2-8B41-2EA5C3EDDB3A}.Release|Any CPU.Build.0 = Release|Any CPU
		{271BC9B0-5312-403E-940A-D3BA34F2E38D}.Debug|Any CPU.ActiveCfg = Debug|Any CPU
		{271BC9B0-5312-403E-940A-D3BA34F2E38D}.Debug|Any CPU.Build.0 = Debug|Any CPU
		{271BC9B0-5312-403E-940A-D3BA34F2E38D}.Release|Any CPU.ActiveCfg = Release|Any CPU
		{271BC9B0-5312-403E-940A-D3BA34F2E38D}.Release|Any CPU.Build.0 = Release|Any CPU
	EndGlobalSection
	GlobalSection(SolutionProperties) = preSolution
		HideSolutionNode = FALSE
	EndGlobalSection
	GlobalSection(NestedProjects) = preSolution
		{7CED0EAF-3197-4979-B69A-40D050F7FD1A} = {EACE4370-D8DE-4F89-BEE0-DC18948B2862}
		{A1C8A62D-8982-411B-B67C-6D7F74A35AD4} = {EACE4370-D8DE-4F89-BEE0-DC18948B2862}
	EndGlobalSection
	GlobalSection(ExtensibilityGlobals) = postSolution
		SolutionGuid = {26F37564-A11A-4A1A-AD4F-6271EDEF0C0B}
	EndGlobalSection
EndGlobal
